github.com/l4go/timer v0.0.0-20220120095019-e6646286833b h1:I2BR+h1YYcQgivla2BkupS8uAYwCfQb4HEUrC6D8G14=
github.com/l4go/timer v0.0.0-20220120095019-e6646286833b/go.mod h1:Uk5w/ITwWaKzi8M6+1VG0nUvYCLMtIOSJuiALCbMzXI=
github.com/l4go/timer v1.20220131.0 h1:0g43f3ZYx4vkqbyMNXNkc7t/0xLtLqhYYjNBLqv1bIs=
github.com/l4go/timer v1.20220131.0/go.mod h1:3WVqLwRVS1odYYP2UqSs8k8VYAbIRlNEGE02Yq1I2Pw=
